// !$*UTF8*$!
{
	archiveVersion = 1;
	classes = {
	};
	objectVersion = 48;
	objects = {

/* Begin PBXBuildFile section */
		23AE533F20CE03700065CDB4 /* AppDelegate.m in Sources */ = {isa = PBXBuildFile; fileRef = 23AE533E20CE03700065CDB4 /* AppDelegate.m */; };
		23AE534220CE03700065CDB4 /* ViewController.m in Sources */ = {isa = PBXBuildFile; fileRef = 23AE534120CE03700065CDB4 /* ViewController.m */; };
		23AE534520CE03700065CDB4 /* Main.storyboard in Resources */ = {isa = PBXBuildFile; fileRef = 23AE534320CE03700065CDB4 /* Main.storyboard */; };
		23AE534720CE03700065CDB4 /* Assets.xcassets in Resources */ = {isa = PBXBuildFile; fileRef = 23AE534620CE03700065CDB4 /* Assets.xcassets */; };
		23AE534A20CE03700065CDB4 /* LaunchScreen.storyboard in Resources */ = {isa = PBXBuildFile; fileRef = 23AE534820CE03700065CDB4 /* LaunchScreen.storyboard */; };
		23AE534D20CE03700065CDB4 /* main.m in Sources */ = {isa = PBXBuildFile; fileRef = 23AE534C20CE03700065CDB4 /* main.m */; };
		23AE535720CE03700065CDB4 /* WXJNetWorkTests.m in Sources */ = {isa = PBXBuildFile; fileRef = 23AE535620CE03700065CDB4 /* WXJNetWorkTests.m */; };
		23AE536220CE03700065CDB4 /* WXJNetWorkUITests.m in Sources */ = {isa = PBXBuildFile; fileRef = 23AE536120CE03700065CDB4 /* WXJNetWorkUITests.m */; };
/* End PBXBuildFile section */

/* Begin PBXContainerItemProxy section */
		23AE535320CE03700065CDB4 /* PBXContainerItemProxy */ = {
			isa = PBXContainerItemProxy;
			containerPortal = 23AE533220CE03700065CDB4 /* Project object */;
			proxyType = 1;
			remoteGlobalIDString = 23AE533920CE03700065CDB4;
			remoteInfo = WXJNetWork;
		};
		23AE535E20CE03700065CDB4 /* PBXContainerItemProxy */ = {
			isa = PBXContainerItemProxy;
			containerPortal = 23AE533220CE03700065CDB4 /* Project object */;
			proxyType = 1;
			remoteGlobalIDString = 23AE533920CE03700065CDB4;
			remoteInfo = WXJNetWork;
		};
/* End PBXContainerItemProxy section */

/* Begin PBXFileReference section */
		23AE533A20CE03700065CDB4 /* WXJNetWork.app */ = {isa = PBXFileReference; explicitFileType = wrapper.application; includeInIndex = 0; path = WXJNetWork.app; sourceTree = BUILT_PRODUCTS_DIR; };
		23AE533D20CE03700065CDB4 /* AppDelegate.h */ = {isa = PBXFileReference; lastKnownFileType = sourcecode.c.h; path = AppDelegate.h; sourceTree = "<group>"; };
		23AE533E20CE03700065CDB4 /* AppDelegate.m */ = {isa = PBXFileReference; lastKnownFileType = sourcecode.c.objc; path = AppDelegate.m; sourceTree = "<group>"; };
		23AE534020CE03700065CDB4 /* ViewController.h */ = {isa = PBXFileReference; lastKnownFileType = sourcecode.c.h; path = ViewController.h; sourceTree = "<group>"; };
		23AE534120CE03700065CDB4 /* ViewController.m */ = {isa = PBXFileReference; lastKnownFileType = sourcecode.c.objc; path = ViewController.m; sourceTree = "<group>"; };
		23AE534420CE03700065CDB4 /* Base */ = {isa = PBXFileReference; lastKnownFileType = file.storyboard; name = Base; path = Base.lproj/Main.storyboard; sourceTree = "<group>"; };
		23AE534620CE03700065CDB4 /* Assets.xcassets */ = {isa = PBXFileReference; lastKnownFileType = folder.assetcatalog; path = Assets.xcassets; sourceTree = "<group>"; };
		23AE534920CE03700065CDB4 /* Base */ = {isa = PBXFileReference; lastKnownFileType = file.storyboard; name = Base; path = Base.lproj/LaunchScreen.storyboard; sourceTree = "<group>"; };
		23AE534B20CE03700065CDB4 /* Info.plist */ = {isa = PBXFileReference; lastKnownFileType = text.plist.xml; path = Info.plist; sourceTree = "<group>"; };
		23AE534C20CE03700065CDB4 /* main.m */ = {isa = PBXFileReference; lastKnownFileType = sourcecode.c.objc; path = main.m; sourceTree = "<group>"; };
		23AE535220CE03700065CDB4 /* WXJNetWorkTests.xctest */ = {isa = PBXFileReference; explicitFileType = wrapper.cfbundle; includeInIndex = 0; path = WXJNetWorkTests.xctest; sourceTree = BUILT_PRODUCTS_DIR; };
		23AE535620CE03700065CDB4 /* WXJNetWorkTests.m */ = {isa = PBXFileReference; lastKnownFileType = sourcecode.c.objc; path = WXJNetWorkTests.m; sourceTree = "<group>"; };
		23AE535820CE03700065CDB4 /* Info.plist */ = {isa = PBXFileReference; lastKnownFileType = text.plist.xml; path = Info.plist; sourceTree = "<group>"; };
		23AE535D20CE03700065CDB4 /* WXJNetWorkUITests.xctest */ = {isa = PBXFileReference; explicitFileType = wrapper.cfbundle; includeInIndex = 0; path = WXJNetWorkUITests.xctest; sourceTree = BUILT_PRODUCTS_DIR; };
		23AE536120CE03700065CDB4 /* WXJNetWorkUITests.m */ = {isa = PBXFileReference; lastKnownFileType = sourcecode.c.objc; path = WXJNetWorkUITests.m; sourceTree = "<group>"; };
		23AE536320CE03700065CDB4 /* Info.plist */ = {isa = PBXFileReference; lastKnownFileType = text.plist.xml; path = Info.plist; sourceTree = "<group>"; };
/* End PBXFileReference section */

/* Begin PBXFrameworksBuildPhase section */
		23AE533720CE03700065CDB4 /* Frameworks */ = {
			isa = PBXFrameworksBuildPhase;
			buildActionMask = 2147483647;
			files = (
			);
			runOnlyForDeploymentPostprocessing = 0;
		};
		23AE534F20CE03700065CDB4 /* Frameworks */ = {
			isa = PBXFrameworksBuildPhase;
			buildActionMask = 2147483647;
			files = (
			);
			runOnlyForDeploymentPostprocessing = 0;
		};
		23AE535A20CE03700065CDB4 /* Frameworks */ = {
			isa = PBXFrameworksBuildPhase;
			buildActionMask = 2147483647;
			files = (
			);
			runOnlyForDeploymentPostprocessing = 0;
		};
/* End PBXFrameworksBuildPhase section */

/* Begin PBXGroup section */
		23AE533120CE03700065CDB4 = {
			isa = PBXGroup;
			children = (
				23AE533C20CE03700065CDB4 /* WXJNetWork */,
				23AE535520CE03700065CDB4 /* WXJNetWorkTests */,
				23AE536020CE03700065CDB4 /* WXJNetWorkUITests */,
				23AE533B20CE03700065CDB4 /* Products */,
			);
			sourceTree = "<group>";
		};
		23AE533B20CE03700065CDB4 /* Products */ = {
			isa = PBXGroup;
			children = (
				23AE533A20CE03700065CDB4 /* WXJNetWork.app */,
				23AE535220CE03700065CDB4 /* WXJNetWorkTests.xctest */,
				23AE535D20CE03700065CDB4 /* WXJNetWorkUITests.xctest */,
			);
			name = Products;
			sourceTree = "<group>";
		};
		23AE533C20CE03700065CDB4 /* WXJNetWork */ = {
			isa = PBXGroup;
			children = (
				23AE533D20CE03700065CDB4 /* AppDelegate.h */,
				23AE533E20CE03700065CDB4 /* AppDelegate.m */,
				23AE534020CE03700065CDB4 /* ViewController.h */,
				23AE534120CE03700065CDB4 /* ViewController.m */,
				23AE534320CE03700065CDB4 /* Main.storyboard */,
				23AE534620CE03700065CDB4 /* Assets.xcassets */,
				23AE534820CE03700065CDB4 /* LaunchScreen.storyboard */,
				23AE534B20CE03700065CDB4 /* Info.plist */,
				23AE534C20CE03700065CDB4 /* main.m */,
			);
			path = WXJNetWork;
			sourceTree = "<group>";
		};
		23AE535520CE03700065CDB4 /* WXJNetWorkTests */ = {
			isa = PBXGroup;
			children = (
				23AE535620CE03700065CDB4 /* WXJNetWorkTests.m */,
				23AE535820CE03700065CDB4 /* Info.plist */,
			);
			path = WXJNetWorkTests;
			sourceTree = "<group>";
		};
		23AE536020CE03700065CDB4 /* WXJNetWorkUITests */ = {
			isa = PBXGroup;
			children = (
				23AE536120CE03700065CDB4 /* WXJNetWorkUITests.m */,
				23AE536320CE03700065CDB4 /* Info.plist */,
			);
			path = WXJNetWorkUITests;
			sourceTree = "<group>";
		};
/* End PBXGroup section */

/* Begin PBXNativeTarget section */
		23AE533920CE03700065CDB4 /* WXJNetWork */ = {
			isa = PBXNativeTarget;
			buildConfigurationList = 23AE536620CE03700065CDB4 /* Build configuration list for PBXNativeTarget "WXJNetWork" */;
			buildPhases = (
				23AE533620CE03700065CDB4 /* Sources */,
				23AE533720CE03700065CDB4 /* Frameworks */,
				23AE533820CE03700065CDB4 /* Resources */,
			);
			buildRules = (
			);
			dependencies = (
			);
			name = WXJNetWork;
			productName = WXJNetWork;
			productReference = 23AE533A20CE03700065CDB4 /* WXJNetWork.app */;
			productType = "com.apple.product-type.application";
		};
		23AE535120CE03700065CDB4 /* WXJNetWorkTests */ = {
			isa = PBXNativeTarget;
			buildConfigurationList = 23AE536920CE03700065CDB4 /* Build configuration list for PBXNativeTarget "WXJNetWorkTests" */;
			buildPhases = (
				23AE534E20CE03700065CDB4 /* Sources */,
				23AE534F20CE03700065CDB4 /* Frameworks */,
				23AE535020CE03700065CDB4 /* Resources */,
			);
			buildRules = (
			);
			dependencies = (
				23AE535420CE03700065CDB4 /* PBXTargetDependency */,
			);
			name = WXJNetWorkTests;
			productName = WXJNetWorkTests;
			productReference = 23AE535220CE03700065CDB4 /* WXJNetWorkTests.xctest */;
			productType = "com.apple.product-type.bundle.unit-test";
		};
		23AE535C20CE03700065CDB4 /* WXJNetWorkUITests */ = {
			isa = PBXNativeTarget;
			buildConfigurationList = 23AE536C20CE03700065CDB4 /* Build configuration list for PBXNativeTarget "WXJNetWorkUITests" */;
			buildPhases = (
				23AE535920CE03700065CDB4 /* Sources */,
				23AE535A20CE03700065CDB4 /* Frameworks */,
				23AE535B20CE03700065CDB4 /* Resources */,
			);
			buildRules = (
			);
			dependencies = (
				23AE535F20CE03700065CDB4 /* PBXTargetDependency */,
			);
			name = WXJNetWorkUITests;
			productName = WXJNetWorkUITests;
			productReference = 23AE535D20CE03700065CDB4 /* WXJNetWorkUITests.xctest */;
			productType = "com.apple.product-type.bundle.ui-testing";
		};
/* End PBXNativeTarget section */

/* Begin PBXProject section */
		23AE533220CE03700065CDB4 /* Project object */ = {
			isa = PBXProject;
			attributes = {
				LastUpgradeCheck = 0910;
				ORGANIZATIONNAME = MrWXJ;
				TargetAttributes = {
					23AE533920CE03700065CDB4 = {
						CreatedOnToolsVersion = 9.1;
						ProvisioningStyle = Automatic;
					};
					23AE535120CE03700065CDB4 = {
						CreatedOnToolsVersion = 9.1;
						ProvisioningStyle = Automatic;
						TestTargetID = 23AE533920CE03700065CDB4;
					};
					23AE535C20CE03700065CDB4 = {
						CreatedOnToolsVersion = 9.1;
						ProvisioningStyle = Automatic;
						TestTargetID = 23AE533920CE03700065CDB4;
					};
				};
			};
			buildConfigurationList = 23AE533520CE03700065CDB4 /* Build configuration list for PBXProject "WXJNetWork" */;
			compatibilityVersion = "Xcode 8.0";
			developmentRegion = en;
			hasScannedForEncodings = 0;
			knownRegions = (
				en,
				Base,
			);
			mainGroup = 23AE533120CE03700065CDB4;
			productRefGroup = 23AE533B20CE03700065CDB4 /* Products */;
			projectDirPath = "";
			projectRoot = "";
			targets = (
				23AE533920CE03700065CDB4 /* WXJNetWork */,
				23AE535120CE03700065CDB4 /* WXJNetWorkTests */,
				23AE535C20CE03700065CDB4 /* WXJNetWorkUITests */,
			);
		};
/* End PBXProject section */

/* Begin PBXResourcesBuildPhase section */
		23AE533820CE03700065CDB4 /* Resources */ = {
			isa = PBXResourcesBuildPhase;
			buildActionMask = 2147483647;
			files = (
				23AE534A20CE03700065CDB4 /* LaunchScreen.storyboard in Resources */,
				23AE534720CE03700065CDB4 /* Assets.xcassets in Resources */,
				23AE534520CE03700065CDB4 /* Main.storyboard in Resources */,
			);
			runOnlyForDeploymentPostprocessing = 0;
		};
		23AE535020CE03700065CDB4 /* Resources */ = {
			isa = PBXResourcesBuildPhase;
			buildActionMask = 2147483647;
			files = (
			);
			runOnlyForDeploymentPostprocessing = 0;
		};
		23AE535B20CE03700065CDB4 /* Resources */ = {
			isa = PBXResourcesBuildPhase;
			buildActionMask = 2147483647;
			files = (
			);
			runOnlyForDeploymentPostprocessing = 0;
		};
/* End PBXResourcesBuildPhase section */

/* Begin PBXSourcesBuildPhase section */
		23AE533620CE03700065CDB4 /* Sources */ = {
			isa = PBXSourcesBuildPhase;
			buildActionMask = 2147483647;
			files = (
				23AE534220CE03700065CDB4 /* ViewController.m in Sources */,
				23AE534D20CE03700065CDB4 /* main.m in Sources */,
				23AE533F20CE03700065CDB4 /* AppDelegate.m in Sources */,
			);
			runOnlyForDeploymentPostprocessing = 0;
		};
		23AE534E20CE03700065CDB4 /* Sources */ = {
			isa = PBXSourcesBuildPhase;
			buildActionMask = 2147483647;
			files = (
				23AE535720CE03700065CDB4 /* WXJNetWorkTests.m in Sources */,
			);
			runOnlyForDeploymentPostprocessing = 0;
		};
		23AE535920CE03700065CDB4 /* Sources */ = {
			isa = PBXSourcesBuildPhase;
			buildActionMask = 2147483647;
			files = (
				23AE536220CE03700065CDB4 /* WXJNetWorkUITests.m in Sources */,
			);
			runOnlyForDeploymentPostprocessing = 0;
		};
/* End PBXSourcesBuildPhase section */

/* Begin PBXTargetDependency section */
		23AE535420CE03700065CDB4 /* PBXTargetDependency */ = {
			isa = PBXTargetDependency;
			target = 23AE533920CE03700065CDB4 /* WXJNetWork */;
			targetProxy = 23AE535320CE03700065CDB4 /* PBXContainerItemProxy */;
		};
		23AE535F20CE03700065CDB4 /* PBXTargetDependency */ = {
			isa = PBXTargetDependency;
			target = 23AE533920CE03700065CDB4 /* WXJNetWork */;
			targetProxy = 23AE535E20CE03700065CDB4 /* PBXContainerItemProxy */;
		};
/* End PBXTargetDependency section */

/* Begin PBXVariantGroup section */
		23AE534320CE03700065CDB4 /* Main.storyboard */ = {
			isa = PBXVariantGroup;
			children = (
				23AE534420CE03700065CDB4 /* Base */,
			);
			name = Main.storyboard;
			sourceTree = "<group>";
		};
		23AE534820CE03700065CDB4 /* LaunchScreen.storyboard */ = {
			isa = PBXVariantGroup;
			children = (
				23AE534920CE03700065CDB4 /* Base */,
			);
			name = LaunchScreen.storyboard;
			sourceTree = "<group>";
		};
/* End PBXVariantGroup section */

/* Begin XCBuildConfiguration section */
		23AE536420CE03700065CDB4 /* Debug */ = {
			isa = XCBuildConfiguration;
			buildSettings = {
				ALWAYS_SEARCH_USER_PATHS = NO;
				CLANG_ANALYZER_NONNULL = YES;
				CLANG_ANALYZER_NUMBER_OBJECT_CONVERSION = YES_AGGRESSIVE;
				CLANG_CXX_LANGUAGE_STANDARD = "gnu++14";
				CLANG_CXX_LIBRARY = "libc++";
				CLANG_ENABLE_MODULES = YES;
				CLANG_ENABLE_OBJC_ARC = YES;
				CLANG_WARN_BLOCK_CAPTURE_AUTORELEASING = YES;
				CLANG_WARN_BOOL_CONVERSION = YES;
				CLANG_WARN_COMMA = YES;
				CLANG_WARN_CONSTANT_CONVERSION = YES;
				CLANG_WARN_DIRECT_OBJC_ISA_USAGE = YES_ERROR;
				CLANG_WARN_DOCUMENTATION_COMMENTS = YES;
				CLANG_WARN_EMPTY_BODY = YES;
				CLANG_WARN_ENUM_CONVERSION = YES;
				CLANG_WARN_INFINITE_RECURSION = YES;
				CLANG_WARN_INT_CONVERSION = YES;
				CLANG_WARN_NON_LITERAL_NULL_CONVERSION = YES;
				CLANG_WARN_OBJC_LITERAL_CONVERSION = YES;
				CLANG_WARN_OBJC_ROOT_CLASS = YES_ERROR;
				CLANG_WARN_RANGE_LOOP_ANALYSIS = YES;
				CLANG_WARN_STRICT_PROTOTYPES = YES;
				CLANG_WARN_SUSPICIOUS_MOVE = YES;
				CLANG_WARN_UNGUARDED_AVAILABILITY = YES_AGGRESSIVE;
				CLANG_WARN_UNREACHABLE_CODE = YES;
				CLANG_WARN__DUPLICATE_METHOD_MATCH = YES;
				CODE_SIGN_IDENTITY = "iPhone Developer";
				COPY_PHASE_STRIP = NO;
				DEBUG_INFORMATION_FORMAT = dwarf;
				ENABLE_STRICT_OBJC_MSGSEND = YES;
				ENABLE_TESTABILITY = YES;
				GCC_C_LANGUAGE_STANDARD = gnu11;
				GCC_DYNAMIC_NO_PIC = NO;
				GCC_NO_COMMON_BLOCKS = YES;
				GCC_OPTIMIZATION_LEVEL = 0;
				GCC_PREPROCESSOR_DEFINITIONS = (
					"DEBUG=1",
					"$(inherited)",
				);
				GCC_WARN_64_TO_32_BIT_CONVERSION = YES;
				GCC_WARN_ABOUT_RETURN_TYPE = YES_ERROR;
				GCC_WARN_UNDECLARED_SELECTOR = YES;
				GCC_WARN_UNINITIALIZED_AUTOS = YES_AGGRESSIVE;
				GCC_WARN_UNUSED_FUNCTION = YES;
				GCC_WARN_UNUSED_VARIABLE = YES;
				IPHONEOS_DEPLOYMENT_TARGET = 11.1;
				MTL_ENABLE_DEBUG_INFO = YES;
				ONLY_ACTIVE_ARCH = YES;
				SDKROOT = iphoneos;
			};
			name = Debug;
		};
		23AE536520CE03700065CDB4 /* Release */ = {
			isa = XCBuildConfiguration;
			buildSettings = {
				ALWAYS_SEARCH_USER_PATHS = NO;
				CLANG_ANALYZER_NONNULL = YES;
				CLANG_ANALYZER_NUMBER_OBJECT_CONVERSION = YES_AGGRESSIVE;
				CLANG_CXX_LANGUAGE_STANDARD = "gnu++14";
				CLANG_CXX_LIBRARY = "libc++";
				CLANG_ENABLE_MODULES = YES;
				CLANG_ENABLE_OBJC_ARC = YES;
				CLANG_WARN_BLOCK_CAPTURE_AUTORELEASING = YES;
				CLANG_WARN_BOOL_CONVERSION = YES;
				CLANG_WARN_COMMA = YES;
				CLANG_WARN_CONSTANT_CONVERSION = YES;
				CLANG_WARN_DIRECT_OBJC_ISA_USAGE = YES_ERROR;
				CLANG_WARN_DOCUMENTATION_COMMENTS = YES;
				CLANG_WARN_EMPTY_BODY = YES;
				CLANG_WARN_ENUM_CONVERSION = YES;
				CLANG_WARN_INFINITE_RECURSION = YES;
				CLANG_WARN_INT_CONVERSION = YES;
				CLANG_WARN_NON_LITERAL_NULL_CONVERSION = YES;
				CLANG_WARN_OBJC_LITERAL_CONVERSION = YES;
				CLANG_WARN_OBJC_ROOT_CLASS = YES_ERROR;
				CLANG_WARN_RANGE_LOOP_ANALYSIS = YES;
				CLANG_WARN_STRICT_PROTOTYPES = YES;
				CLANG_WARN_SUSPICIOUS_MOVE = YES;
				CLANG_WARN_UNGUARDED_AVAILABILITY = YES_AGGRESSIVE;
				CLANG_WARN_UNREACHABLE_CODE = YES;
				CLANG_WARN__DUPLICATE_METHOD_MATCH = YES;
				CODE_SIGN_IDENTITY = "iPhone Developer";
				COPY_PHASE_STRIP = NO;
				DEBUG_INFORMATION_FORMAT = "dwarf-with-dsym";
				ENABLE_NS_ASSERTIONS = NO;
				ENABLE_STRICT_OBJC_MSGSEND = YES;
				GCC_C_LANGUAGE_STANDARD = gnu11;
				GCC_NO_COMMON_BLOCKS = YES;
				GCC_WARN_64_TO_32_BIT_CONVERSION = YES;
				GCC_WARN_ABOUT_RETURN_TYPE = YES_ERROR;
				GCC_WARN_UNDECLARED_SELECTOR = YES;
				GCC_WARN_UNINITIALIZED_AUTOS = YES_AGGRESSIVE;
				GCC_WARN_UNUSED_FUNCTION = YES;
				GCC_WARN_UNUSED_VARIABLE = YES;
				IPHONEOS_DEPLOYMENT_TARGET = 11.1;
				MTL_ENABLE_DEBUG_INFO = NO;
				SDKROOT = iphoneos;
				VALIDATE_PRODUCT = YES;
			};
			name = Release;
		};
		23AE536720CE03700065CDB4 /* Debug */ = {
			isa = XCBuildConfiguration;
			buildSettings = {
				ASSETCATALOG_COMPILER_APPICON_NAME = AppIcon;
				CODE_SIGN_STYLE = Automatic;
				DEVELOPMENT_TEAM = 4NRN552GRR;
				INFOPLIST_FILE = WXJNetWork/Info.plist;
				LD_RUNPATH_SEARCH_PATHS = "$(inherited) @executable_path/Frameworks";
				PRODUCT_BUNDLE_IDENTIFIER = MrWXJ.WXJNetWork;
				PRODUCT_NAME = "$(TARGET_NAME)";
				TARGETED_DEVICE_FAMILY = "1,2";
			};
			name = Debug;
		};
		23AE536820CE03700065CDB4 /* Release */ = {
			isa = XCBuildConfiguration;
			buildSettings = {
				ASSETCATALOG_COMPILER_APPICON_NAME = AppIcon;
				CODE_SIGN_STYLE = Automatic;
				DEVELOPMENT_TEAM = 4NRN552GRR;
				INFOPLIST_FILE = WXJNetWork/Info.plist;
				LD_RUNPATH_SEARCH_PATHS = "$(inherited) @executable_path/Frameworks";
				PRODUCT_BUNDLE_IDENTIFIER = MrWXJ.WXJNetWork;
				PRODUCT_NAME = "$(TARGET_NAME)";
				TARGETED_DEVICE_FAMILY = "1,2";
			};
			name = Release;
		};
		23AE536A20CE03700065CDB4 /* Debug */ = {
			isa = XCBuildConfiguration;
			buildSettings = {
				BUNDLE_LOADER = "$(TEST_HOST)";
				CODE_SIGN_STYLE = Automatic;
				DEVELOPMENT_TEAM = 4NRN552GRR;
				INFOPLIST_FILE = WXJNetWorkTests/Info.plist;
				LD_RUNPATH_SEARCH_PATHS = "$(inherited) @executable_path/Frameworks @loader_path/Frameworks";
				PRODUCT_BUNDLE_IDENTIFIER = MrWXJ.WXJNetWorkTests;
				PRODUCT_NAME = "$(TARGET_NAME)";
				TARGETED_DEVICE_FAMILY = "1,2";
				TEST_HOST = "$(BUILT_PRODUCTS_DIR)/WXJNetWork.app/WXJNetWork";
			};
			name = Debug;
		};
		23AE536B20CE03700065CDB4 /* Release */ = {
			isa = XCBuildConfiguration;
			buildSettings = {
				BUNDLE_LOADER = "$(TEST_HOST)";
				CODE_SIGN_STYLE = Automatic;
				DEVELOPMENT_TEAM = 4NRN552GRR;
				INFOPLIST_FILE = WXJNetWorkTests/Info.plist;
				LD_RUNPATH_SEARCH_PATHS = "$(inherited) @executable_path/Frameworks @loader_path/Frameworks";
				PRODUCT_BUNDLE_IDENTIFIER = MrWXJ.WXJNetWorkTests;
				PRODUCT_NAME = "$(TARGET_NAME)";
				TARGETED_DEVICE_FAMILY = "1,2";
				TEST_HOST = "$(BUILT_PRODUCTS_DIR)/WXJNetWork.app/WXJNetWork";
			};
			name = Release;
		};
		23AE536D20CE03700065CDB4 /* Debug */ = {
			isa = XCBuildConfiguration;
			buildSettings = {
				CODE_SIGN_STYLE = Automatic;
				DEVELOPMENT_TEAM = 4NRN552GRR;
				INFOPLIST_FILE = WXJNetWorkUITests/Info.plist;
				LD_RUNPATH_SEARCH_PATHS = "$(inherited) @executable_path/Frameworks @loader_path/Frameworks";
				PRODUCT_BUNDLE_IDENTIFIER = MrWXJ.WXJNetWorkUITests;
				PRODUCT_NAME = "$(TARGET_NAME)";
				TARGETED_DEVICE_FAMILY = "1,2";
				TEST_TARGET_NAME = WXJNetWork;
			};
			name = Debug;
		};
		23AE536E20CE03700065CDB4 /* Release */ = {
			isa = XCBuildConfiguration;
			buildSettings = {
				CODE_SIGN_STYLE = Automatic;
				DEVELOPMENT_TEAM = 4NRN552GRR;
				INFOPLIST_FILE = WXJNetWorkUITests/Info.plist;
				LD_RUNPATH_SEARCH_PATHS = "$(inherited) @executable_path/Frameworks @loader_path/Frameworks";
				PRODUCT_BUNDLE_IDENTIFIER = MrWXJ.WXJNetWorkUITests;
				PRODUCT_NAME = "$(TARGET_NAME)";
				TARGETED_DEVICE_FAMILY = "1,2";
				TEST_TARGET_NAME = WXJNetWork;
			};
			name = Release;
		};
/* End XCBuildConfiguration section */

/* Begin XCConfigurationList section */
		23AE533520CE03700065CDB4 /* Build configuration list for PBXProject "WXJNetWork" */ = {
			isa = XCConfigurationList;
			buildConfigurations = (
				23AE536420CE03700065CDB4 /* Debug */,
				23AE536520CE03700065CDB4 /* Release */,
			);
			defaultConfigurationIsVisible = 0;
			defaultConfigurationName = Release;
		};
		23AE536620CE03700065CDB4 /* Build configuration list for PBXNativeTarget "WXJNetWork" */ = {
			isa = XCConfigurationList;
			buildConfigurations = (
				23AE536720CE03700065CDB4 /* Debug */,
				23AE536820CE03700065CDB4 /* Release */,
			);
			defaultConfigurationIsVisible = 0;
			defaultConfigurationName = Release;
		};
		23AE536920CE03700065CDB4 /* Build configuration list for PBXNativeTarget "WXJNetWorkTests" */ = {
			isa = XCConfigurationList;
			buildConfigurations = (
				23AE536A20CE03700065CDB4 /* Debug */,
				23AE536B20CE03700065CDB4 /* Release */,
			);
			defaultConfigurationIsVisible = 0;
			defaultConfigurationName = Release;
		};
		23AE536C20CE03700065CDB4 /* Build configuration list for PBXNativeTarget "WXJNetWorkUITests" */ = {
			isa = XCConfigurationList;
			buildConfigurations = (
				23AE536D20CE03700065CDB4 /* Debug */,
				23AE536E20CE03700065CDB4 /* Release */,
			);
			defaultConfigurationIsVisible = 0;
			defaultConfigurationName = Release;
		};
/* End XCConfigurationList section */
	};
	rootObject = 23AE533220CE03700065CDB4 /* Project object */;
}
